
Microsoft Visual Studio Solution File, Format Version 12.00
# Visual Studio Version 17
VisualStudioVersion = 17.8.34330.188
MinimumVisualStudioVersion = 10.0.40219.1
Project("{8BC9CEB8-8B4A-11D0-8D11-00A0C91BC942}") = "LyThuyetChuoi", "Chuoi.vcxproj", "{CEC7932B-A0E2-4A6C-A636-0659785448F6}"
EndProject
Project("{8BC9CEB8-8B4A-11D0-8D11-00A0C91BC942}") = "Cach nhap xuat chuoi", "..\Projects\Projects.vcxproj", "{195D2677-471C-4F8C-9480-176B461C1DF0}"
EndProject
Project("{8BC9CEB8-8B4A-11D0-8D11-00A0C91BC942}") = "LyThuyet1", "..\LyThuyet1\LyThuyet1.vcxproj", "{AF145A3B-0C76-4046-A863-518EE7F77B35}"
EndProject
Project("{8BC9CEB8-8B4A-11D0-8D11-00A0C91BC942}") = "Bai2", "..\Bai2\Bai2.vcxproj", "{FD0E9700-756D-49FB-959B-8DE00CB48BC7}"
EndProject
Project("{8BC9CEB8-8B4A-11D0-8D11-00A0C91BC942}") = "Bai4", "..\Bai4\Bai4.vcxproj", "{E91C30CA-1AA0-4294-8CCC-9A5856C97B90}"
EndProject
Project("{8BC9CEB8-8B4A-11D0-8D11-00A0C91BC942}") = "Bai5", "..\Bai5\Bai5.vcxproj", "{F1A96693-76A4-448A-BAB0-1BEFE4980626}"
EndProject
Project("{8BC9CEB8-8B4A-11D0-8D11-00A0C91BC942}") = "Bai6", "..\Bai6\Bai6.vcxproj", "{5776559B-12DB-4FF9-AD69-A1A5BF43BAD3}"
EndProject
Project("{8BC9CEB8-8B4A-11D0-8D11-00A0C91BC942}") = "Bai7", "..\Bai7\Bai7.vcxproj", "{0E9FA011-659C-4BEE-9989-0EF6F6674C88}"
EndProject
Project("{8BC9CEB8-8B4A-11D0-8D11-00A0C91BC942}") = "XuLiSaiKieuDuLieu", "..\XuLiSaiKieuDuLieu\XuLiSaiKieuDuLieu.vcxproj", "{B3B48DE7-3C26-4670-BA45-8600CA704372}"
EndProject
Project("{8BC9CEB8-8B4A-11D0-8D11-00A0C91BC942}") = "XayDungLaiSTRLEN", "..\XayDungLaiSTRLEN\XayDungLaiSTRLEN.vcxproj", "{A9C5173C-9948-411B-B75B-77615D6509D4}"
EndProject
Project("{8BC9CEB8-8B4A-11D0-8D11-00A0C91BC942}") = "XayDungLaiSTRCPY", "..\XayDungLaiSTRCPY\XayDungLaiSTRCPY.vcxproj", "{A0239FAC-49CD-4B7B-AB43-8F58A697FCD2}"
EndProject
Project("{8BC9CEB8-8B4A-11D0-8D11-00A0C91BC942}") = "XayDungSTRDUP", "..\XayDungSTRDUP\XayDungSTRDUP.vcxproj", "{225AE311-13FF-465B-9002-F77DE240F274}"
EndProject
Project("{8BC9CEB8-8B4A-11D0-8D11-00A0C91BC942}") = "XayDungSTRLWR_UPR", "..\XayDungSTRLWR_UPR\XayDungSTRLWR_UPR.vcxproj", "{DED13EFE-56F8-4CA1-A828-B5E55E5D1820}"
EndProject
Project("{8BC9CEB8-8B4A-11D0-8D11-00A0C91BC942}") = "XayDungSTRREV", "..\XayDungSTRREV\XayDungSTRREV.vcxproj", "{048E7DC1-922C-40CD-AD7F-DC1AB349CDE4}"
EndProject
Project("{8BC9CEB8-8B4A-11D0-8D11-00A0C91BC942}") = "XayDungSTRCMP", "..\XayDungSTRCMP\XayDungSTRCMP.vcxproj", "{1C636422-F53F-4EEE-8FE0-6C2B06BEA547}"
EndProject
Project("{8BC9CEB8-8B4A-11D0-8D11-00A0C91BC942}") = "XayDungSTRCAT", "..\XayDungSTRCAT\XayDungSTRCAT.vcxproj", "{98938C4A-BAE7-42C7-A41D-54A7E0242AEE}"
EndProject
Project("{8BC9CEB8-8B4A-11D0-8D11-00A0C91BC942}") = "XayDungSTRSTR", "..\XayDungSTRSTR\XayDungSTRSTR.vcxproj", "{48411272-A9EA-46E6-A799-C0367BED53B4}"
EndProject
Project("{8BC9CEB8-8B4A-11D0-8D11-00A0C91BC942}") = "DoiChuoiThanhSo", "..\DoiChuoiThanhSo\DoiChuoiThanhSo.vcxproj", "{C29505B2-E5F7-47FC-804C-EF6D55781E54}"
EndProject
Project("{8BC9CEB8-8B4A-11D0-8D11-00A0C91BC942}") = "SuPerCanCulater", "..\SuPerCanCulater\SuPerCanCulater.vcxproj", "{28417286-9E00-4E53-B968-FC79510C5B0A}"
EndProject
Project("{8BC9CEB8-8B4A-11D0-8D11-00A0C91BC942}") = "BaiTapXuLiChuoiTinhKetQuaBieuThuc", "..\BaiTapXuLiChuoiTinhKetQuaBieuThuc\BaiTapXuLiChuoiTinhKetQuaBieuThuc.vcxproj", "{8919F861-C4A9-4C15-BE8F-E187152EFD4E}"
EndProject
Global
	GlobalSection(SolutionConfigurationPlatforms) = preSolution
		Debug|x64 = Debug|x64
		Debug|x86 = Debug|x86
		Release|x64 = Release|x64
		Release|x86 = Release|x86
	EndGlobalSection
	GlobalSection(ProjectConfigurationPlatforms) = postSolution
		{CEC7932B-A0E2-4A6C-A636-0659785448F6}.Debug|x64.ActiveCfg = Debug|x64
		{CEC7932B-A0E2-4A6C-A636-0659785448F6}.Debug|x64.Build.0 = Debug|x64
		{CEC7932B-A0E2-4A6C-A636-0659785448F6}.Debug|x86.ActiveCfg = Debug|Win32
		{CEC7932B-A0E2-4A6C-A636-0659785448F6}.Debug|x86.Build.0 = Debug|Win32
		{CEC7932B-A0E2-4A6C-A636-0659785448F6}.Release|x64.ActiveCfg = Release|x64
		{CEC7932B-A0E2-4A6C-A636-0659785448F6}.Release|x64.Build.0 = Release|x64
		{CEC7932B-A0E2-4A6C-A636-0659785448F6}.Release|x86.ActiveCfg = Release|Win32
		{CEC7932B-A0E2-4A6C-A636-0659785448F6}.Release|x86.Build.0 = Release|Win32
		{195D2677-471C-4F8C-9480-176B461C1DF0}.Debug|x64.ActiveCfg = Debug|x64
		{195D2677-471C-4F8C-9480-176B461C1DF0}.Debug|x64.Build.0 = Debug|x64
		{195D2677-471C-4F8C-9480-176B461C1DF0}.Debug|x86.ActiveCfg = Debug|Win32
		{195D2677-471C-4F8C-9480-176B461C1DF0}.Debug|x86.Build.0 = Debug|Win32
		{195D2677-471C-4F8C-9480-176B461C1DF0}.Release|x64.ActiveCfg = Release|x64
		{195D2677-471C-4F8C-9480-176B461C1DF0}.Release|x64.Build.0 = Release|x64
		{195D2677-471C-4F8C-9480-176B461C1DF0}.Release|x86.ActiveCfg = Release|Win32
		{195D2677-471C-4F8C-9480-176B461C1DF0}.Release|x86.Build.0 = Release|Win32
		{AF145A3B-0C76-4046-A863-518EE7F77B35}.Debug|x64.ActiveCfg = Debug|x64
		{AF145A3B-0C76-4046-A863-518EE7F77B35}.Debug|x64.Build.0 = Debug|x64
		{AF145A3B-0C76-4046-A863-518EE7F77B35}.Debug|x86.ActiveCfg = Debug|Win32
		{AF145A3B-0C76-4046-A863-518EE7F77B35}.Debug|x86.Build.0 = Debug|Win32
		{AF145A3B-0C76-4046-A863-518EE7F77B35}.Release|x64.ActiveCfg = Release|x64
		{AF145A3B-0C76-4046-A863-518EE7F77B35}.Release|x64.Build.0 = Release|x64
		{AF145A3B-0C76-4046-A863-518EE7F77B35}.Release|x86.ActiveCfg = Release|Win32
		{AF145A3B-0C76-4046-A863-518EE7F77B35}.Release|x86.Build.0 = Release|Win32
		{FD0E9700-756D-49FB-959B-8DE00CB48BC7}.Debug|x64.ActiveCfg = Debug|x64
		{FD0E9700-756D-49FB-959B-8DE00CB48BC7}.Debug|x64.Build.0 = Debug|x64
		{FD0E9700-756D-49FB-959B-8DE00CB48BC7}.Debug|x86.ActiveCfg = Debug|Win32
		{FD0E9700-756D-49FB-959B-8DE00CB48BC7}.Debug|x86.Build.0 = Debug|Win32
		{FD0E9700-756D-49FB-959B-8DE00CB48BC7}.Release|x64.ActiveCfg = Release|x64
		{FD0E9700-756D-49FB-959B-8DE00CB48BC7}.Release|x64.Build.0 = Release|x64
		{FD0E9700-756D-49FB-959B-8DE00CB48BC7}.Release|x86.ActiveCfg = Release|Win32
		{FD0E9700-756D-49FB-959B-8DE00CB48BC7}.Release|x86.Build.0 = Release|Win32
		{E91C30CA-1AA0-4294-8CCC-9A5856C97B90}.Debug|x64.ActiveCfg = Debug|x64
		{E91C30CA-1AA0-4294-8CCC-9A5856C97B90}.Debug|x64.Build.0 = Debug|x64
		{E91C30CA-1AA0-4294-8CCC-9A5856C97B90}.Debug|x86.ActiveCfg = Debug|Win32
		{E91C30CA-1AA0-4294-8CCC-9A5856C97B90}.Debug|x86.Build.0 = Debug|Win32
		{E91C30CA-1AA0-4294-8CCC-9A5856C97B90}.Release|x64.ActiveCfg = Release|x64
		{E91C30CA-1AA0-4294-8CCC-9A5856C97B90}.Release|x64.Build.0 = Release|x64
		{E91C30CA-1AA0-4294-8CCC-9A5856C97B90}.Release|x86.ActiveCfg = Release|Win32
		{E91C30CA-1AA0-4294-8CCC-9A5856C97B90}.Release|x86.Build.0 = Release|Win32
		{F1A96693-76A4-448A-BAB0-1BEFE4980626}.Debug|x64.ActiveCfg = Debug|x64
		{F1A96693-76A4-448A-BAB0-1BEFE4980626}.Debug|x64.Build.0 = Debug|x64
		{F1A96693-76A4-448A-BAB0-1BEFE4980626}.Debug|x86.ActiveCfg = Debug|Win32
		{F1A96693-76A4-448A-BAB0-1BEFE4980626}.Debug|x86.Build.0 = Debug|Win32
		{F1A96693-76A4-448A-BAB0-1BEFE4980626}.Release|x64.ActiveCfg = Release|x64
		{F1A96693-76A4-448A-BAB0-1BEFE4980626}.Release|x64.Build.0 = Release|x64
		{F1A96693-76A4-448A-BAB0-1BEFE4980626}.Release|x86.ActiveCfg = Release|Win32
		{F1A96693-76A4-448A-BAB0-1BEFE4980626}.Release|x86.Build.0 = Release|Win32
		{5776559B-12DB-4FF9-AD69-A1A5BF43BAD3}.Debug|x64.ActiveCfg = Debug|x64
		{5776559B-12DB-4FF9-AD69-A1A5BF43BAD3}.Debug|x64.Build.0 = Debug|x64
		{5776559B-12DB-4FF9-AD69-A1A5BF43BAD3}.Debug|x86.ActiveCfg = Debug|Win32
		{5776559B-12DB-4FF9-AD69-A1A5BF43BAD3}.Debug|x86.Build.0 = Debug|Win32
		{5776559B-12DB-4FF9-AD69-A1A5BF43BAD3}.Release|x64.ActiveCfg = Release|x64
		{5776559B-12DB-4FF9-AD69-A1A5BF43BAD3}.Release|x64.Build.0 = Release|x64
		{5776559B-12DB-4FF9-AD69-A1A5BF43BAD3}.Release|x86.ActiveCfg = Release|Win32
		{5776559B-12DB-4FF9-AD69-A1A5BF43BAD3}.Release|x86.Build.0 = Release|Win32
		{0E9FA011-659C-4BEE-9989-0EF6F6674C88}.Debug|x64.ActiveCfg = Debug|x64
		{0E9FA011-659C-4BEE-9989-0EF6F6674C88}.Debug|x64.Build.0 = Debug|x64
		{0E9FA011-659C-4BEE-9989-0EF6F6674C88}.Debug|x86.ActiveCfg = Debug|Win32
		{0E9FA011-659C-4BEE-9989-0EF6F6674C88}.Debug|x86.Build.0 = Debug|Win32
		{0E9FA011-659C-4BEE-9989-0EF6F6674C88}.Release|x64.ActiveCfg = Release|x64
		{0E9FA011-659C-4BEE-9989-0EF6F6674C88}.Release|x64.Build.0 = Release|x64
		{0E9FA011-659C-4BEE-9989-0EF6F6674C88}.Release|x86.ActiveCfg = Release|Win32
		{0E9FA011-659C-4BEE-9989-0EF6F6674C88}.Release|x86.Build.0 = Release|Win32
		{B3B48DE7-3C26-4670-BA45-8600CA704372}.Debug|x64.ActiveCfg = Debug|x64
		{B3B48DE7-3C26-4670-BA45-8600CA704372}.Debug|x64.Build.0 = Debug|x64
		{B3B48DE7-3C26-4670-BA45-8600CA704372}.Debug|x86.ActiveCfg = Debug|Win32
		{B3B48DE7-3C26-4670-BA45-8600CA704372}.Debug|x86.Build.0 = Debug|Win32
		{B3B48DE7-3C26-4670-BA45-8600CA704372}.Release|x64.ActiveCfg = Release|x64
		{B3B48DE7-3C26-4670-BA45-8600CA704372}.Release|x64.Build.0 = Release|x64
		{B3B48DE7-3C26-4670-BA45-8600CA704372}.Release|x86.ActiveCfg = Release|Win32
		{B3B48DE7-3C26-4670-BA45-8600CA704372}.Release|x86.Build.0 = Release|Win32
		{A9C5173C-9948-411B-B75B-77615D6509D4}.Debug|x64.ActiveCfg = Debug|x64
		{A9C5173C-9948-411B-B75B-77615D6509D4}.Debug|x64.Build.0 = Debug|x64
		{A9C5173C-9948-411B-B75B-77615D6509D4}.Debug|x86.ActiveCfg = Debug|Win32
		{A9C5173C-9948-411B-B75B-77615D6509D4}.Debug|x86.Build.0 = Debug|Win32
		{A9C5173C-9948-411B-B75B-77615D6509D4}.Release|x64.ActiveCfg = Release|x64
		{A9C5173C-9948-411B-B75B-77615D6509D4}.Release|x64.Build.0 = Release|x64
		{A9C5173C-9948-411B-B75B-77615D6509D4}.Release|x86.ActiveCfg = Release|Win32
		{A9C5173C-9948-411B-B75B-77615D6509D4}.Release|x86.Build.0 = Release|Win32
		{A0239FAC-49CD-4B7B-AB43-8F58A697FCD2}.Debug|x64.ActiveCfg = Debug|x64
		{A0239FAC-49CD-4B7B-AB43-8F58A697FCD2}.Debug|x64.Build.0 = Debug|x64
		{A0239FAC-49CD-4B7B-AB43-8F58A697FCD2}.Debug|x86.ActiveCfg = Debug|Win32
		{A0239FAC-49CD-4B7B-AB43-8F58A697FCD2}.Debug|x86.Build.0 = Debug|Win32
		{A0239FAC-49CD-4B7B-AB43-8F58A697FCD2}.Release|x64.ActiveCfg = Release|x64
		{A0239FAC-49CD-4B7B-AB43-8F58A697FCD2}.Release|x64.Build.0 = Release|x64
		{A0239FAC-49CD-4B7B-AB43-8F58A697FCD2}.Release|x86.ActiveCfg = Release|Win32
		{A0239FAC-49CD-4B7B-AB43-8F58A697FCD2}.Release|x86.Build.0 = Release|Win32
		{225AE311-13FF-465B-9002-F77DE240F274}.Debug|x64.ActiveCfg = Debug|x64
		{225AE311-13FF-465B-9002-F77DE240F274}.Debug|x64.Build.0 = Debug|x64
		{225AE311-13FF-465B-9002-F77DE240F274}.Debug|x86.ActiveCfg = Debug|Win32
		{225AE311-13FF-465B-9002-F77DE240F274}.Debug|x86.Build.0 = Debug|Win32
		{225AE311-13FF-465B-9002-F77DE240F274}.Release|x64.ActiveCfg = Release|x64
		{225AE311-13FF-465B-9002-F77DE240F274}.Release|x64.Build.0 = Release|x64
		{225AE311-13FF-465B-9002-F77DE240F274}.Release|x86.ActiveCfg = Release|Win32
		{225AE311-13FF-465B-9002-F77DE240F274}.Release|x86.Build.0 = Release|Win32
		{DED13EFE-56F8-4CA1-A828-B5E55E5D1820}.Debug|x64.ActiveCfg = Debug|x64
		{DED13EFE-56F8-4CA1-A828-B5E55E5D1820}.Debug|x64.Build.0 = Debug|x64
		{DED13EFE-56F8-4CA1-A828-B5E55E5D1820}.Debug|x86.ActiveCfg = Debug|Win32
		{DED13EFE-56F8-4CA1-A828-B5E55E5D1820}.Debug|x86.Build.0 = Debug|Win32
		{DED13EFE-56F8-4CA1-A828-B5E55E5D1820}.Release|x64.ActiveCfg = Release|x64
		{DED13EFE-56F8-4CA1-A828-B5E55E5D1820}.Release|x64.Build.0 = Release|x64
		{DED13EFE-56F8-4CA1-A828-B5E55E5D1820}.Release|x86.ActiveCfg = Release|Win32
		{DED13EFE-56F8-4CA1-A828-B5E55E5D1820}.Release|x86.Build.0 = Release|Win32
		{048E7DC1-922C-40CD-AD7F-DC1AB349CDE4}.Debug|x64.ActiveCfg = Debug|x64
		{048E7DC1-922C-40CD-AD7F-DC1AB349CDE4}.Debug|x64.Build.0 = Debug|x64
		{048E7DC1-922C-40CD-AD7F-DC1AB349CDE4}.Debug|x86.ActiveCfg = Debug|Win32
		{048E7DC1-922C-40CD-AD7F-DC1AB349CDE4}.Debug|x86.Build.0 = Debug|Win32
		{048E7DC1-922C-40CD-AD7F-DC1AB349CDE4}.Release|x64.ActiveCfg = Release|x64
		{048E7DC1-922C-40CD-AD7F-DC1AB349CDE4}.Release|x64.Build.0 = Release|x64
		{048E7DC1-922C-40CD-AD7F-DC1AB349CDE4}.Release|x86.ActiveCfg = Release|Win32
		{048E7DC1-922C-40CD-AD7F-DC1AB349CDE4}.Release|x86.Build.0 = Release|Win32
		{1C636422-F53F-4EEE-8FE0-6C2B06BEA547}.Debug|x64.ActiveCfg = Debug|x64
		{1C636422-F53F-4EEE-8FE0-6C2B06BEA547}.Debug|x64.Build.0 = Debug|x64
		{1C636422-F53F-4EEE-8FE0-6C2B06BEA547}.Debug|x86.ActiveCfg = Debug|Win32
		{1C636422-F53F-4EEE-8FE0-6C2B06BEA547}.Debug|x86.Build.0 = Debug|Win32
		{1C636422-F53F-4EEE-8FE0-6C2B06BEA547}.Release|x64.ActiveCfg = Release|x64
		{1C636422-F53F-4EEE-8FE0-6C2B06BEA547}.Release|x64.Build.0 = Release|x64
		{1C636422-F53F-4EEE-8FE0-6C2B06BEA547}.Release|x86.ActiveCfg = Release|Win32
		{1C636422-F53F-4EEE-8FE0-6C2B06BEA547}.Release|x86.Build.0 = Release|Win32
		{98938C4A-BAE7-42C7-A41D-54A7E0242AEE}.Debug|x64.ActiveCfg = Debug|x64
		{98938C4A-BAE7-42C7-A41D-54A7E0242AEE}.Debug|x64.Build.0 = Debug|x64
		{98938C4A-BAE7-42C7-A41D-54A7E0242AEE}.Debug|x86.ActiveCfg = Debug|Win32
		{98938C4A-BAE7-42C7-A41D-54A7E0242AEE}.Debug|x86.Build.0 = Debug|Win32
		{98938C4A-BAE7-42C7-A41D-54A7E0242AEE}.Release|x64.ActiveCfg = Release|x64
		{98938C4A-BAE7-42C7-A41D-54A7E0242AEE}.Release|x64.Build.0 = Release|x64
		{98938C4A-BAE7-42C7-A41D-54A7E0242AEE}.Release|x86.ActiveCfg = Release|Win32
		{98938C4A-BAE7-42C7-A41D-54A7E0242AEE}.Release|x86.Build.0 = Release|Win32
		{48411272-A9EA-46E6-A799-C0367BED53B4}.Debug|x64.ActiveCfg = Debug|x64
		{48411272-A9EA-46E6-A799-C0367BED53B4}.Debug|x64.Build.0 = Debug|x64
		{48411272-A9EA-46E6-A799-C0367BED53B4}.Debug|x86.ActiveCfg = Debug|Win32
		{48411272-A9EA-46E6-A799-C0367BED53B4}.Debug|x86.Build.0 = Debug|Win32
		{48411272-A9EA-46E6-A799-C0367BED53B4}.Release|x64.ActiveCfg = Release|x64
		{48411272-A9EA-46E6-A799-C0367BED53B4}.Release|x64.Build.0 = Release|x64
		{48411272-A9EA-46E6-A799-C0367BED53B4}.Release|x86.ActiveCfg = Release|Win32
		{48411272-A9EA-46E6-A799-C0367BED53B4}.Release|x86.Build.0 = Release|Win32
		{C29505B2-E5F7-47FC-804C-EF6D55781E54}.Debug|x64.ActiveCfg = Debug|x64
		{C29505B2-E5F7-47FC-804C-EF6D55781E54}.Debug|x64.Build.0 = Debug|x64
		{C29505B2-E5F7-47FC-804C-EF6D55781E54}.Debug|x86.ActiveCfg = Debug|Win32
		{C29505B2-E5F7-47FC-804C-EF6D55781E54}.Debug|x86.Build.0 = Debug|Win32
		{C29505B2-E5F7-47FC-804C-EF6D55781E54}.Release|x64.ActiveCfg = Release|x64
		{C29505B2-E5F7-47FC-804C-EF6D55781E54}.Release|x64.Build.0 = Release|x64
		{C29505B2-E5F7-47FC-804C-EF6D55781E54}.Release|x86.ActiveCfg = Release|Win32
		{C29505B2-E5F7-47FC-804C-EF6D55781E54}.Release|x86.Build.0 = Release|Win32
		{28417286-9E00-4E53-B968-FC79510C5B0A}.Debug|x64.ActiveCfg = Debug|x64
		{28417286-9E00-4E53-B968-FC79510C5B0A}.Debug|x64.Build.0 = Debug|x64
		{28417286-9E00-4E53-B968-FC79510C5B0A}.Debug|x86.ActiveCfg = Debug|Win32
		{28417286-9E00-4E53-B968-FC79510C5B0A}.Debug|x86.Build.0 = Debug|Win32
		{28417286-9E00-4E53-B968-FC79510C5B0A}.Release|x64.ActiveCfg = Release|x64
		{28417286-9E00-4E53-B968-FC79510C5B0A}.Release|x64.Build.0 = Release|x64
		{28417286-9E00-4E53-B968-FC79510C5B0A}.Release|x86.ActiveCfg = Release|Win32
		{28417286-9E00-4E53-B968-FC79510C5B0A}.Release|x86.Build.0 = Release|Win32
		{8919F861-C4A9-4C15-BE8F-E187152EFD4E}.Debug|x64.ActiveCfg = Debug|x64
		{8919F861-C4A9-4C15-BE8F-E187152EFD4E}.Debug|x64.Build.0 = Debug|x64
		{8919F861-C4A9-4C15-BE8F-E187152EFD4E}.Debug|x86.ActiveCfg = Debug|Win32
		{8919F861-C4A9-4C15-BE8F-E187152EFD4E}.Debug|x86.Build.0 = Debug|Win32
		{8919F861-C4A9-4C15-BE8F-E187152EFD4E}.Release|x64.ActiveCfg = Release|x64
		{8919F861-C4A9-4C15-BE8F-E187152EFD4E}.Release|x64.Build.0 = Release|x64
		{8919F861-C4A9-4C15-BE8F-E187152EFD4E}.Release|x86.ActiveCfg = Release|Win32
		{8919F861-C4A9-4C15-BE8F-E187152EFD4E}.Release|x86.Build.0 = Release|Win32
	EndGlobalSection
	GlobalSection(SolutionProperties) = preSolution
		HideSolutionNode = FALSE
	EndGlobalSection
	GlobalSection(ExtensibilityGlobals) = postSolution
		SolutionGuid = {0885894C-FFE0-438E-AC3D-602DB6BC2AC6}
	EndGlobalSection
EndGlobal
