
Microsoft Visual Studio Solution File, Format Version 12.00
# Visual Studio Version 17
VisualStudioVersion = 17.3.32825.248
MinimumVisualStudioVersion = 10.0.40219.1
Project("{8BC9CEB8-8B4A-11D0-8D11-00A0C91BC942}") = "Demo", "Demo\Demo.vcxproj", "{EFC8B862-563E-4CDC-8030-A3ACF5D30602}"
EndProject
Project("{8BC9CEB8-8B4A-11D0-8D11-00A0C91BC942}") = "Demo1", "Demo1\Demo1.vcxproj", "{AEA32ACF-2C8F-424B-B7DA-5671A8054D9B}"
EndProject
Project("{8BC9CEB8-8B4A-11D0-8D11-00A0C91BC942}") = "Demo2", "Demo2\Demo2.vcxproj", "{FEBB4310-0CAE-460B-979A-0EB0D0F0A06E}"
EndProject
Project("{8BC9CEB8-8B4A-11D0-8D11-00A0C91BC942}") = "Bai1", "Bai1\Bai1.vcxproj", "{3186040D-59F7-4FC6-9555-64020DF795BC}"
EndProject
Project("{8BC9CEB8-8B4A-11D0-8D11-00A0C91BC942}") = "Bai1b", "Bai1b\Bai1b.vcxproj", "{A19FB676-208A-4F64-B707-D7833607DFC8}"
EndProject
Project("{8BC9CEB8-8B4A-11D0-8D11-00A0C91BC942}") = "Bai1d", "Bai1d\Bai1d.vcxproj", "{89809C0B-2E21-4559-A06A-683D997B50D7}"
EndProject
Project("{8BC9CEB8-8B4A-11D0-8D11-00A0C91BC942}") = "Bai1e", "Bai1e\Bai1e.vcxproj", "{765FA8F4-73C3-440E-B569-CB2165F7067D}"
EndProject
Project("{8BC9CEB8-8B4A-11D0-8D11-00A0C91BC942}") = "Bai2", "Bai2\Bai2.vcxproj", "{6A878E92-F277-4207-B815-E14D705E0835}"
EndProject
Project("{8BC9CEB8-8B4A-11D0-8D11-00A0C91BC942}") = "Bai3", "Bai2b\Bai2b.vcxproj", "{430BF530-90F1-4611-AEB5-1B08A038583E}"
EndProject
Project("{8BC9CEB8-8B4A-11D0-8D11-00A0C91BC942}") = "Bai4", "Bai4\Bai4.vcxproj", "{265D9326-C56A-4FEC-A660-17CACDAC5A79}"
EndProject
Project("{8BC9CEB8-8B4A-11D0-8D11-00A0C91BC942}") = "Bai5", "Bai5\Bai5.vcxproj", "{3AAC4671-842A-4BC6-AF45-61EEDB228300}"
EndProject
Project("{8BC9CEB8-8B4A-11D0-8D11-00A0C91BC942}") = "BaiDocSo", "BaiDocSo\BaiDocSo.vcxproj", "{0B455753-DC3A-4D84-90FC-F9270A4A7487}"
EndProject
Project("{8BC9CEB8-8B4A-11D0-8D11-00A0C91BC942}") = "HInhChuNhat", "HInhChuNhat\HInhChuNhat.vcxproj", "{64EC9ECB-CE4A-427E-BEF1-E776B5C57420}"
EndProject
Project("{8BC9CEB8-8B4A-11D0-8D11-00A0C91BC942}") = "DocSoThanhChu", "DocSoThanhChu\DocSoThanhChu.vcxproj", "{64A373B3-DE5D-4A7A-BDBA-DE86CE983E84}"
EndProject
Project("{8BC9CEB8-8B4A-11D0-8D11-00A0C91BC942}") = "DocSoThanhChuCoDau", "DocSoThanhChuCoDau\DocSoThanhChuCoDau.vcxproj", "{5B8FD350-F453-4D61-8F97-018F0CEF012C}"
EndProject
Project("{8BC9CEB8-8B4A-11D0-8D11-00A0C91BC942}") = "DocSoThanhChuCoDauPhay", "DocSoThanhChuCoDauPhay\DocSoThanhChuCoDauPhay.vcxproj", "{B12C2C01-E1E4-4F25-9ABA-692240643700}"
EndProject
Project("{8BC9CEB8-8B4A-11D0-8D11-00A0C91BC942}") = "DocSoThanhChuCoGoiY", "DocSoThanhChuCoGoiY\DocSoThanhChuCoGoiY.vcxproj", "{28CFA7A3-D559-4536-9D19-0BB580663837}"
EndProject
Global
	GlobalSection(SolutionConfigurationPlatforms) = preSolution
		Debug|x64 = Debug|x64
		Debug|x86 = Debug|x86
		Release|x64 = Release|x64
		Release|x86 = Release|x86
	EndGlobalSection
	GlobalSection(ProjectConfigurationPlatforms) = postSolution
		{EFC8B862-563E-4CDC-8030-A3ACF5D30602}.Debug|x64.ActiveCfg = Debug|x64
		{EFC8B862-563E-4CDC-8030-A3ACF5D30602}.Debug|x64.Build.0 = Debug|x64
		{EFC8B862-563E-4CDC-8030-A3ACF5D30602}.Debug|x86.ActiveCfg = Debug|Win32
		{EFC8B862-563E-4CDC-8030-A3ACF5D30602}.Debug|x86.Build.0 = Debug|Win32
		{EFC8B862-563E-4CDC-8030-A3ACF5D30602}.Release|x64.ActiveCfg = Release|x64
		{EFC8B862-563E-4CDC-8030-A3ACF5D30602}.Release|x64.Build.0 = Release|x64
		{EFC8B862-563E-4CDC-8030-A3ACF5D30602}.Release|x86.ActiveCfg = Release|Win32
		{EFC8B862-563E-4CDC-8030-A3ACF5D30602}.Release|x86.Build.0 = Release|Win32
		{AEA32ACF-2C8F-424B-B7DA-5671A8054D9B}.Debug|x64.ActiveCfg = Debug|x64
		{AEA32ACF-2C8F-424B-B7DA-5671A8054D9B}.Debug|x64.Build.0 = Debug|x64
		{AEA32ACF-2C8F-424B-B7DA-5671A8054D9B}.Debug|x86.ActiveCfg = Debug|Win32
		{AEA32ACF-2C8F-424B-B7DA-5671A8054D9B}.Debug|x86.Build.0 = Debug|Win32
		{AEA32ACF-2C8F-424B-B7DA-5671A8054D9B}.Release|x64.ActiveCfg = Release|x64
		{AEA32ACF-2C8F-424B-B7DA-5671A8054D9B}.Release|x64.Build.0 = Release|x64
		{AEA32ACF-2C8F-424B-B7DA-5671A8054D9B}.Release|x86.ActiveCfg = Release|Win32
		{AEA32ACF-2C8F-424B-B7DA-5671A8054D9B}.Release|x86.Build.0 = Release|Win32
		{FEBB4310-0CAE-460B-979A-0EB0D0F0A06E}.Debug|x64.ActiveCfg = Debug|x64
		{FEBB4310-0CAE-460B-979A-0EB0D0F0A06E}.Debug|x64.Build.0 = Debug|x64
		{FEBB4310-0CAE-460B-979A-0EB0D0F0A06E}.Debug|x86.ActiveCfg = Debug|Win32
		{FEBB4310-0CAE-460B-979A-0EB0D0F0A06E}.Debug|x86.Build.0 = Debug|Win32
		{FEBB4310-0CAE-460B-979A-0EB0D0F0A06E}.Release|x64.ActiveCfg = Release|x64
		{FEBB4310-0CAE-460B-979A-0EB0D0F0A06E}.Release|x64.Build.0 = Release|x64
		{FEBB4310-0CAE-460B-979A-0EB0D0F0A06E}.Release|x86.ActiveCfg = Release|Win32
		{FEBB4310-0CAE-460B-979A-0EB0D0F0A06E}.Release|x86.Build.0 = Release|Win32
		{3186040D-59F7-4FC6-9555-64020DF795BC}.Debug|x64.ActiveCfg = Debug|x64
		{3186040D-59F7-4FC6-9555-64020DF795BC}.Debug|x64.Build.0 = Debug|x64
		{3186040D-59F7-4FC6-9555-64020DF795BC}.Debug|x86.ActiveCfg = Debug|Win32
		{3186040D-59F7-4FC6-9555-64020DF795BC}.Debug|x86.Build.0 = Debug|Win32
		{3186040D-59F7-4FC6-9555-64020DF795BC}.Release|x64.ActiveCfg = Release|x64
		{3186040D-59F7-4FC6-9555-64020DF795BC}.Release|x64.Build.0 = Release|x64
		{3186040D-59F7-4FC6-9555-64020DF795BC}.Release|x86.ActiveCfg = Release|Win32
		{3186040D-59F7-4FC6-9555-64020DF795BC}.Release|x86.Build.0 = Release|Win32
		{A19FB676-208A-4F64-B707-D7833607DFC8}.Debug|x64.ActiveCfg = Debug|x64
		{A19FB676-208A-4F64-B707-D7833607DFC8}.Debug|x64.Build.0 = Debug|x64
		{A19FB676-208A-4F64-B707-D7833607DFC8}.Debug|x86.ActiveCfg = Debug|Win32
		{A19FB676-208A-4F64-B707-D7833607DFC8}.Debug|x86.Build.0 = Debug|Win32
		{A19FB676-208A-4F64-B707-D7833607DFC8}.Release|x64.ActiveCfg = Release|x64
		{A19FB676-208A-4F64-B707-D7833607DFC8}.Release|x64.Build.0 = Release|x64
		{A19FB676-208A-4F64-B707-D7833607DFC8}.Release|x86.ActiveCfg = Release|Win32
		{A19FB676-208A-4F64-B707-D7833607DFC8}.Release|x86.Build.0 = Release|Win32
		{89809C0B-2E21-4559-A06A-683D997B50D7}.Debug|x64.ActiveCfg = Debug|x64
		{89809C0B-2E21-4559-A06A-683D997B50D7}.Debug|x64.Build.0 = Debug|x64
		{89809C0B-2E21-4559-A06A-683D997B50D7}.Debug|x86.ActiveCfg = Debug|Win32
		{89809C0B-2E21-4559-A06A-683D997B50D7}.Debug|x86.Build.0 = Debug|Win32
		{89809C0B-2E21-4559-A06A-683D997B50D7}.Release|x64.ActiveCfg = Release|x64
		{89809C0B-2E21-4559-A06A-683D997B50D7}.Release|x64.Build.0 = Release|x64
		{89809C0B-2E21-4559-A06A-683D997B50D7}.Release|x86.ActiveCfg = Release|Win32
		{89809C0B-2E21-4559-A06A-683D997B50D7}.Release|x86.Build.0 = Release|Win32
		{765FA8F4-73C3-440E-B569-CB2165F7067D}.Debug|x64.ActiveCfg = Debug|x64
		{765FA8F4-73C3-440E-B569-CB2165F7067D}.Debug|x64.Build.0 = Debug|x64
		{765FA8F4-73C3-440E-B569-CB2165F7067D}.Debug|x86.ActiveCfg = Debug|Win32
		{765FA8F4-73C3-440E-B569-CB2165F7067D}.Debug|x86.Build.0 = Debug|Win32
		{765FA8F4-73C3-440E-B569-CB2165F7067D}.Release|x64.ActiveCfg = Release|x64
		{765FA8F4-73C3-440E-B569-CB2165F7067D}.Release|x64.Build.0 = Release|x64
		{765FA8F4-73C3-440E-B569-CB2165F7067D}.Release|x86.ActiveCfg = Release|Win32
		{765FA8F4-73C3-440E-B569-CB2165F7067D}.Release|x86.Build.0 = Release|Win32
		{6A878E92-F277-4207-B815-E14D705E0835}.Debug|x64.ActiveCfg = Debug|x64
		{6A878E92-F277-4207-B815-E14D705E0835}.Debug|x64.Build.0 = Debug|x64
		{6A878E92-F277-4207-B815-E14D705E0835}.Debug|x86.ActiveCfg = Debug|Win32
		{6A878E92-F277-4207-B815-E14D705E0835}.Debug|x86.Build.0 = Debug|Win32
		{6A878E92-F277-4207-B815-E14D705E0835}.Release|x64.ActiveCfg = Release|x64
		{6A878E92-F277-4207-B815-E14D705E0835}.Release|x64.Build.0 = Release|x64
		{6A878E92-F277-4207-B815-E14D705E0835}.Release|x86.ActiveCfg = Release|Win32
		{6A878E92-F277-4207-B815-E14D705E0835}.Release|x86.Build.0 = Release|Win32
		{430BF530-90F1-4611-AEB5-1B08A038583E}.Debug|x64.ActiveCfg = Debug|x64
		{430BF530-90F1-4611-AEB5-1B08A038583E}.Debug|x64.Build.0 = Debug|x64
		{430BF530-90F1-4611-AEB5-1B08A038583E}.Debug|x86.ActiveCfg = Debug|Win32
		{430BF530-90F1-4611-AEB5-1B08A038583E}.Debug|x86.Build.0 = Debug|Win32
		{430BF530-90F1-4611-AEB5-1B08A038583E}.Release|x64.ActiveCfg = Release|x64
		{430BF530-90F1-4611-AEB5-1B08A038583E}.Release|x64.Build.0 = Release|x64
		{430BF530-90F1-4611-AEB5-1B08A038583E}.Release|x86.ActiveCfg = Release|Win32
		{430BF530-90F1-4611-AEB5-1B08A038583E}.Release|x86.Build.0 = Release|Win32
		{265D9326-C56A-4FEC-A660-17CACDAC5A79}.Debug|x64.ActiveCfg = Debug|x64
		{265D9326-C56A-4FEC-A660-17CACDAC5A79}.Debug|x64.Build.0 = Debug|x64
		{265D9326-C56A-4FEC-A660-17CACDAC5A79}.Debug|x86.ActiveCfg = Debug|Win32
		{265D9326-C56A-4FEC-A660-17CACDAC5A79}.Debug|x86.Build.0 = Debug|Win32
		{265D9326-C56A-4FEC-A660-17CACDAC5A79}.Release|x64.ActiveCfg = Release|x64
		{265D9326-C56A-4FEC-A660-17CACDAC5A79}.Release|x64.Build.0 = Release|x64
		{265D9326-C56A-4FEC-A660-17CACDAC5A79}.Release|x86.ActiveCfg = Release|Win32
		{265D9326-C56A-4FEC-A660-17CACDAC5A79}.Release|x86.Build.0 = Release|Win32
		{3AAC4671-842A-4BC6-AF45-61EEDB228300}.Debug|x64.ActiveCfg = Debug|x64
		{3AAC4671-842A-4BC6-AF45-61EEDB228300}.Debug|x64.Build.0 = Debug|x64
		{3AAC4671-842A-4BC6-AF45-61EEDB228300}.Debug|x86.ActiveCfg = Debug|Win32
		{3AAC4671-842A-4BC6-AF45-61EEDB228300}.Debug|x86.Build.0 = Debug|Win32
		{3AAC4671-842A-4BC6-AF45-61EEDB228300}.Release|x64.ActiveCfg = Release|x64
		{3AAC4671-842A-4BC6-AF45-61EEDB228300}.Release|x64.Build.0 = Release|x64
		{3AAC4671-842A-4BC6-AF45-61EEDB228300}.Release|x86.ActiveCfg = Release|Win32
		{3AAC4671-842A-4BC6-AF45-61EEDB228300}.Release|x86.Build.0 = Release|Win32
		{0B455753-DC3A-4D84-90FC-F9270A4A7487}.Debug|x64.ActiveCfg = Debug|x64
		{0B455753-DC3A-4D84-90FC-F9270A4A7487}.Debug|x64.Build.0 = Debug|x64
		{0B455753-DC3A-4D84-90FC-F9270A4A7487}.Debug|x86.ActiveCfg = Debug|Win32
		{0B455753-DC3A-4D84-90FC-F9270A4A7487}.Debug|x86.Build.0 = Debug|Win32
		{0B455753-DC3A-4D84-90FC-F9270A4A7487}.Release|x64.ActiveCfg = Release|x64
		{0B455753-DC3A-4D84-90FC-F9270A4A7487}.Release|x64.Build.0 = Release|x64
		{0B455753-DC3A-4D84-90FC-F9270A4A7487}.Release|x86.ActiveCfg = Release|Win32
		{0B455753-DC3A-4D84-90FC-F9270A4A7487}.Release|x86.Build.0 = Release|Win32
		{64EC9ECB-CE4A-427E-BEF1-E776B5C57420}.Debug|x64.ActiveCfg = Debug|x64
		{64EC9ECB-CE4A-427E-BEF1-E776B5C57420}.Debug|x64.Build.0 = Debug|x64
		{64EC9ECB-CE4A-427E-BEF1-E776B5C57420}.Debug|x86.ActiveCfg = Debug|Win32
		{64EC9ECB-CE4A-427E-BEF1-E776B5C57420}.Debug|x86.Build.0 = Debug|Win32
		{64EC9ECB-CE4A-427E-BEF1-E776B5C57420}.Release|x64.ActiveCfg = Release|x64
		{64EC9ECB-CE4A-427E-BEF1-E776B5C57420}.Release|x64.Build.0 = Release|x64
		{64EC9ECB-CE4A-427E-BEF1-E776B5C57420}.Release|x86.ActiveCfg = Release|Win32
		{64EC9ECB-CE4A-427E-BEF1-E776B5C57420}.Release|x86.Build.0 = Release|Win32
		{64A373B3-DE5D-4A7A-BDBA-DE86CE983E84}.Debug|x64.ActiveCfg = Debug|x64
		{64A373B3-DE5D-4A7A-BDBA-DE86CE983E84}.Debug|x64.Build.0 = Debug|x64
		{64A373B3-DE5D-4A7A-BDBA-DE86CE983E84}.Debug|x86.ActiveCfg = Debug|Win32
		{64A373B3-DE5D-4A7A-BDBA-DE86CE983E84}.Debug|x86.Build.0 = Debug|Win32
		{64A373B3-DE5D-4A7A-BDBA-DE86CE983E84}.Release|x64.ActiveCfg = Release|x64
		{64A373B3-DE5D-4A7A-BDBA-DE86CE983E84}.Release|x64.Build.0 = Release|x64
		{64A373B3-DE5D-4A7A-BDBA-DE86CE983E84}.Release|x86.ActiveCfg = Release|Win32
		{64A373B3-DE5D-4A7A-BDBA-DE86CE983E84}.Release|x86.Build.0 = Release|Win32
		{5B8FD350-F453-4D61-8F97-018F0CEF012C}.Debug|x64.ActiveCfg = Debug|x64
		{5B8FD350-F453-4D61-8F97-018F0CEF012C}.Debug|x64.Build.0 = Debug|x64
		{5B8FD350-F453-4D61-8F97-018F0CEF012C}.Debug|x86.ActiveCfg = Debug|Win32
		{5B8FD350-F453-4D61-8F97-018F0CEF012C}.Debug|x86.Build.0 = Debug|Win32
		{5B8FD350-F453-4D61-8F97-018F0CEF012C}.Release|x64.ActiveCfg = Release|x64
		{5B8FD350-F453-4D61-8F97-018F0CEF012C}.Release|x64.Build.0 = Release|x64
		{5B8FD350-F453-4D61-8F97-018F0CEF012C}.Release|x86.ActiveCfg = Release|Win32
		{5B8FD350-F453-4D61-8F97-018F0CEF012C}.Release|x86.Build.0 = Release|Win32
		{B12C2C01-E1E4-4F25-9ABA-692240643700}.Debug|x64.ActiveCfg = Debug|x64
		{B12C2C01-E1E4-4F25-9ABA-692240643700}.Debug|x64.Build.0 = Debug|x64
		{B12C2C01-E1E4-4F25-9ABA-692240643700}.Debug|x86.ActiveCfg = Debug|Win32
		{B12C2C01-E1E4-4F25-9ABA-692240643700}.Debug|x86.Build.0 = Debug|Win32
		{B12C2C01-E1E4-4F25-9ABA-692240643700}.Release|x64.ActiveCfg = Release|x64
		{B12C2C01-E1E4-4F25-9ABA-692240643700}.Release|x64.Build.0 = Release|x64
		{B12C2C01-E1E4-4F25-9ABA-692240643700}.Release|x86.ActiveCfg = Release|Win32
		{B12C2C01-E1E4-4F25-9ABA-692240643700}.Release|x86.Build.0 = Release|Win32
		{28CFA7A3-D559-4536-9D19-0BB580663837}.Debug|x64.ActiveCfg = Debug|x64
		{28CFA7A3-D559-4536-9D19-0BB580663837}.Debug|x64.Build.0 = Debug|x64
		{28CFA7A3-D559-4536-9D19-0BB580663837}.Debug|x86.ActiveCfg = Debug|Win32
		{28CFA7A3-D559-4536-9D19-0BB580663837}.Debug|x86.Build.0 = Debug|Win32
		{28CFA7A3-D559-4536-9D19-0BB580663837}.Release|x64.ActiveCfg = Release|x64
		{28CFA7A3-D559-4536-9D19-0BB580663837}.Release|x64.Build.0 = Release|x64
		{28CFA7A3-D559-4536-9D19-0BB580663837}.Release|x86.ActiveCfg = Release|Win32
		{28CFA7A3-D559-4536-9D19-0BB580663837}.Release|x86.Build.0 = Release|Win32
	EndGlobalSection
	GlobalSection(SolutionProperties) = preSolution
		HideSolutionNode = FALSE
	EndGlobalSection
	GlobalSection(ExtensibilityGlobals) = postSolution
		SolutionGuid = {09F9855A-09E9-4266-B898-88A0D4DD682E}
	EndGlobalSection
EndGlobal
