
Microsoft Visual Studio Solution File, Format Version 12.00
# Visual Studio Version 17
VisualStudioVersion = 17.8.34330.188
MinimumVisualStudioVersion = 10.0.40219.1
Project("{8BC9CEB8-8B4A-11D0-8D11-00A0C91BC942}") = "ConTroCoBan", "ConTroCoBan.vcxproj", "{0AB5F858-9447-4E9B-AAE9-F83714CD6AB3}"
EndProject
Project("{8BC9CEB8-8B4A-11D0-8D11-00A0C91BC942}") = "Buoi2", "..\Buoi2\Buoi2.vcxproj", "{06F70196-BB6B-4694-B91F-33B7CAA4670B}"
EndProject
Project("{8BC9CEB8-8B4A-11D0-8D11-00A0C91BC942}") = "Project1", "..\Project1\Project1.vcxproj", "{A9A51D6C-4EF1-48E8-9EA7-A06B0FFE403A}"
EndProject
Project("{8BC9CEB8-8B4A-11D0-8D11-00A0C91BC942}") = "Project2", "..\Project2\Project2.vcxproj", "{AF4402FD-B954-434F-A0C1-26E302FD9D0F}"
EndProject
Project("{8BC9CEB8-8B4A-11D0-8D11-00A0C91BC942}") = "ThemXoaMang", "..\ThemXoaMang\ThemXoaMang.vcxproj", "{4CEAE88D-63D6-408D-8842-3CFA6B2164A3}"
EndProject
Global
	GlobalSection(SolutionConfigurationPlatforms) = preSolution
		Debug|x64 = Debug|x64
		Debug|x86 = Debug|x86
		Release|x64 = Release|x64
		Release|x86 = Release|x86
	EndGlobalSection
	GlobalSection(ProjectConfigurationPlatforms) = postSolution
		{0AB5F858-9447-4E9B-AAE9-F83714CD6AB3}.Debug|x64.ActiveCfg = Debug|x64
		{0AB5F858-9447-4E9B-AAE9-F83714CD6AB3}.Debug|x64.Build.0 = Debug|x64
		{0AB5F858-9447-4E9B-AAE9-F83714CD6AB3}.Debug|x86.ActiveCfg = Debug|Win32
		{0AB5F858-9447-4E9B-AAE9-F83714CD6AB3}.Debug|x86.Build.0 = Debug|Win32
		{0AB5F858-9447-4E9B-AAE9-F83714CD6AB3}.Release|x64.ActiveCfg = Release|x64
		{0AB5F858-9447-4E9B-AAE9-F83714CD6AB3}.Release|x64.Build.0 = Release|x64
		{0AB5F858-9447-4E9B-AAE9-F83714CD6AB3}.Release|x86.ActiveCfg = Release|Win32
		{0AB5F858-9447-4E9B-AAE9-F83714CD6AB3}.Release|x86.Build.0 = Release|Win32
		{06F70196-BB6B-4694-B91F-33B7CAA4670B}.Debug|x64.ActiveCfg = Debug|x64
		{06F70196-BB6B-4694-B91F-33B7CAA4670B}.Debug|x64.Build.0 = Debug|x64
		{06F70196-BB6B-4694-B91F-33B7CAA4670B}.Debug|x86.ActiveCfg = Debug|Win32
		{06F70196-BB6B-4694-B91F-33B7CAA4670B}.Debug|x86.Build.0 = Debug|Win32
		{06F70196-BB6B-4694-B91F-33B7CAA4670B}.Release|x64.ActiveCfg = Release|x64
		{06F70196-BB6B-4694-B91F-33B7CAA4670B}.Release|x64.Build.0 = Release|x64
		{06F70196-BB6B-4694-B91F-33B7CAA4670B}.Release|x86.ActiveCfg = Release|Win32
		{06F70196-BB6B-4694-B91F-33B7CAA4670B}.Release|x86.Build.0 = Release|Win32
		{A9A51D6C-4EF1-48E8-9EA7-A06B0FFE403A}.Debug|x64.ActiveCfg = Debug|x64
		{A9A51D6C-4EF1-48E8-9EA7-A06B0FFE403A}.Debug|x64.Build.0 = Debug|x64
		{A9A51D6C-4EF1-48E8-9EA7-A06B0FFE403A}.Debug|x86.ActiveCfg = Debug|Win32
		{A9A51D6C-4EF1-48E8-9EA7-A06B0FFE403A}.Debug|x86.Build.0 = Debug|Win32
		{A9A51D6C-4EF1-48E8-9EA7-A06B0FFE403A}.Release|x64.ActiveCfg = Release|x64
		{A9A51D6C-4EF1-48E8-9EA7-A06B0FFE403A}.Release|x64.Build.0 = Release|x64
		{A9A51D6C-4EF1-48E8-9EA7-A06B0FFE403A}.Release|x86.ActiveCfg = Release|Win32
		{A9A51D6C-4EF1-48E8-9EA7-A06B0FFE403A}.Release|x86.Build.0 = Release|Win32
		{AF4402FD-B954-434F-A0C1-26E302FD9D0F}.Debug|x64.ActiveCfg = Debug|x64
		{AF4402FD-B954-434F-A0C1-26E302FD9D0F}.Debug|x64.Build.0 = Debug|x64
		{AF4402FD-B954-434F-A0C1-26E302FD9D0F}.Debug|x86.ActiveCfg = Debug|Win32
		{AF4402FD-B954-434F-A0C1-26E302FD9D0F}.Debug|x86.Build.0 = Debug|Win32
		{AF4402FD-B954-434F-A0C1-26E302FD9D0F}.Release|x64.ActiveCfg = Release|x64
		{AF4402FD-B954-434F-A0C1-26E302FD9D0F}.Release|x64.Build.0 = Release|x64
		{AF4402FD-B954-434F-A0C1-26E302FD9D0F}.Release|x86.ActiveCfg = Release|Win32
		{AF4402FD-B954-434F-A0C1-26E302FD9D0F}.Release|x86.Build.0 = Release|Win32
		{4CEAE88D-63D6-408D-8842-3CFA6B2164A3}.Debug|x64.ActiveCfg = Debug|x64
		{4CEAE88D-63D6-408D-8842-3CFA6B2164A3}.Debug|x64.Build.0 = Debug|x64
		{4CEAE88D-63D6-408D-8842-3CFA6B2164A3}.Debug|x86.ActiveCfg = Debug|Win32
		{4CEAE88D-63D6-408D-8842-3CFA6B2164A3}.Debug|x86.Build.0 = Debug|Win32
		{4CEAE88D-63D6-408D-8842-3CFA6B2164A3}.Release|x64.ActiveCfg = Release|x64
		{4CEAE88D-63D6-408D-8842-3CFA6B2164A3}.Release|x64.Build.0 = Release|x64
		{4CEAE88D-63D6-408D-8842-3CFA6B2164A3}.Release|x86.ActiveCfg = Release|Win32
		{4CEAE88D-63D6-408D-8842-3CFA6B2164A3}.Release|x86.Build.0 = Release|Win32
	EndGlobalSection
	GlobalSection(SolutionProperties) = preSolution
		HideSolutionNode = FALSE
	EndGlobalSection
	GlobalSection(ExtensibilityGlobals) = postSolution
		SolutionGuid = {FBE5E3CB-CDD7-4178-80E0-F502994D65A3}
	EndGlobalSection
EndGlobal
